github.com/google/uuid v1.1.1 h1:Gkbcsh/GbpXz7lPftLA3P6TYMwjCLYm83jiFQZF/3gY=
github.com/google/uuid v1.1.1/go.mod h1:TIyPZe4MgqvfeYDBFedMoGGpEw/LqOeaOT+nhxU+yHo=
github.com/logrusorgru/aurora v0.0.0-20191017060258-dc85c304c434 h1:im9kkmH0WWwxzegiv18gSUJbuXR9y028rXrWuPp6Jug=
github.com/logrusorgru/aurora v0.0.0-20191017060258-dc85c304c434/go.mod h1:7rIyQOR62GCctdiQpZ/zOJlFyk6y+94wXzv6RNZgaR4=
github.com/pickme-go/traceable-context v1.0.0 h1:q9ZOf0MZIIzgwi2YKx5MOP++2vxlqZFck4XZxZubIwk=
github.com/pickme-go/traceable-context v1.0.0/go.mod h1:di3UG7gaOYqVRF3Q67+6ThEfIQvbebinon0tj+Epiuk=
